
Microsoft Visual Studio Solution File, Format Version 12.00
# Visual Studio Version 17
VisualStudioVersion = 17.7.34018.315
MinimumVisualStudioVersion = 10.0.40219.1
Project("{9A19103F-16F7-4668-BE54-9A1E7A4F7556}") = "Slutuppgift – Bibliotek", "Slutuppgift – Bibliotek.csproj", "{1A182133-2EED-4E34-897F-B0A24478A031}"
EndProject
Global
	GlobalSection(SolutionConfigurationPlatforms) = preSolution
		Debug|Any CPU = Debug|Any CPU
		Release|Any CPU = Release|Any CPU
	EndGlobalSection
	GlobalSection(ProjectConfigurationPlatforms) = postSolution
		{1A182133-2EED-4E34-897F-B0A24478A031}.Debug|Any CPU.ActiveCfg = Debug|Any CPU
		{1A182133-2EED-4E34-897F-B0A24478A031}.Debug|Any CPU.Build.0 = Debug|Any CPU
		{1A182133-2EED-4E34-897F-B0A24478A031}.Release|Any CPU.ActiveCfg = Release|Any CPU
		{1A182133-2EED-4E34-897F-B0A24478A031}.Release|Any CPU.Build.0 = Release|Any CPU
	EndGlobalSection
	GlobalSection(SolutionProperties) = preSolution
		HideSolutionNode = FALSE
	EndGlobalSection
	GlobalSection(ExtensibilityGlobals) = postSolution
		SolutionGuid = {C7856C0C-9767-4751-9C1A-474B06A73F23}
	EndGlobalSection
EndGlobal
